<?xml version="1.0" encoding="UTF-8" standalone="yes" ?>
<CodeBlocks_project_file>
	<FileVersion major="1" minor="6" />
	<Project>
		<Option title="rouglike" />
		<Option pch_mode="2" />
		<Option compiler="gcc" />
		<Build>
			<Target title="Debug">
				<Option output="bin/Debug/rouglike" prefix_auto="1" extension_auto="1" />
				<Option object_output="obj/Debug/" />
				<Option type="1" />
				<Option compiler="gcc" />
				<Compiler>
					<Add option="-g" />
				</Compiler>
			</Target>
			<Target title="Release">
				<Option output="bin/Release/rouglike" prefix_auto="1" extension_auto="1" />
				<Option object_output="obj/Release/" />
				<Option type="1" />
				<Option compiler="gcc" />
				<Compiler>
					<Add option="-O2" />
				</Compiler>
				<Linker>
					<Add option="-s" />
				</Linker>
			</Target>
		</Build>
		<Compiler>
			<Add option="-Wall" />
			<Add option="-fexceptions" />
		</Compiler>
		<Unit filename="cpp/game.cpp" />
		<Unit filename="cpp/gameUtilitis/board.cpp" />
		<Unit filename="cpp/gameUtilitis/commands.cpp" />
		<Unit filename="cpp/gameUtilitis/hud.cpp" />
		<Unit filename="cpp/gameUtilitis/menu.cpp" />
		<Unit filename="cpp/inputHandler.cpp" />
		<Unit filename="cpp/items.cpp" />
		<Unit filename="cpp/player.cpp" />
		<Unit filename="headers/game.h" />
		<Unit filename="headers/globals.h" />
		<Unit filename="headers/inputHandler.h" />
		<Unit filename="headers/iteams.h" />
		<Unit filename="headers/player.h" />
		<Unit filename="headers/utilitis/board.h" />
		<Unit filename="headers/utilitis/commands.h" />
		<Unit filename="headers/utilitis/hud.h" />
		<Unit filename="headers/utilitis/menu.h" />
		<Unit filename="main.cpp" />
		<Extensions>
			<lib_finder disable_auto="1" />
		</Extensions>
	</Project>
</CodeBlocks_project_file>
